// !$*UTF8*$!
{
	archiveVersion = 1;
	classes = {
	};
	objectVersion = 55;
	objects = {

/* Begin PBXBuildFile section */
		D79CA714288F77DE00D6E623 /* ScriptViewController.swift in Sources */ = {isa = PBXBuildFile; fileRef = D79CA713288F77DD00D6E623 /* ScriptViewController.swift */; };
		D7F36C30288DED730014B705 /* AppDelegate.swift in Sources */ = {isa = PBXBuildFile; fileRef = D7F36C2F288DED730014B705 /* AppDelegate.swift */; };
		D7F36C32288DED730014B705 /* SceneDelegate.swift in Sources */ = {isa = PBXBuildFile; fileRef = D7F36C31288DED730014B705 /* SceneDelegate.swift */; };
		D7F36C34288DED730014B705 /* ViewController.swift in Sources */ = {isa = PBXBuildFile; fileRef = D7F36C33288DED730014B705 /* ViewController.swift */; };
		D7F36C37288DED730014B705 /* Main.storyboard in Resources */ = {isa = PBXBuildFile; fileRef = D7F36C35288DED730014B705 /* Main.storyboard */; };
		D7F36C39288DED750014B705 /* Assets.xcassets in Resources */ = {isa = PBXBuildFile; fileRef = D7F36C38288DED750014B705 /* Assets.xcassets */; };
		D7F36C3C288DED750014B705 /* LaunchScreen.storyboard in Resources */ = {isa = PBXBuildFile; fileRef = D7F36C3A288DED750014B705 /* LaunchScreen.storyboard */; };
		D7F36C4A288DEF0B0014B705 /* UniformTypeIdentifiers.framework in Frameworks */ = {isa = PBXBuildFile; fileRef = D7F36C49288DEF0B0014B705 /* UniformTypeIdentifiers.framework */; };
		D7F36C4D288DEF0B0014B705 /* Media.xcassets in Resources */ = {isa = PBXBuildFile; fileRef = D7F36C4C288DEF0B0014B705 /* Media.xcassets */; };
		D7F36C4F288DEF0B0014B705 /* ActionViewController.swift in Sources */ = {isa = PBXBuildFile; fileRef = D7F36C4E288DEF0B0014B705 /* ActionViewController.swift */; };
		D7F36C52288DEF0B0014B705 /* MainInterface.storyboard in Resources */ = {isa = PBXBuildFile; fileRef = D7F36C50288DEF0B0014B705 /* MainInterface.storyboard */; };
		D7F36C56288DEF0B0014B705 /* Extension.appex in Embed App Extensions */ = {isa = PBXBuildFile; fileRef = D7F36C47288DEF0B0014B705 /* Extension.appex */; settings = {ATTRIBUTES = (RemoveHeadersOnCopy, ); }; };
		D7F36C5C288DF3520014B705 /* Action.js in Resources */ = {isa = PBXBuildFile; fileRef = D7F36C5B288DF3520014B705 /* Action.js */; };
/* End PBXBuildFile section */

/* Begin PBXContainerItemProxy section */
		D7F36C54288DEF0B0014B705 /* PBXContainerItemProxy */ = {
			isa = PBXContainerItemProxy;
			containerPortal = D7F36C24288DED730014B705 /* Project object */;
			proxyType = 1;
			remoteGlobalIDString = D7F36C46288DEF0B0014B705;
			remoteInfo = Extension;
		};
/* End PBXContainerItemProxy section */

/* Begin PBXCopyFilesBuildPhase section */
		D7F36C5A288DEF0B0014B705 /* Embed App Extensions */ = {
			isa = PBXCopyFilesBuildPhase;
			buildActionMask = 2147483647;
			dstPath = "";
			dstSubfolderSpec = 13;
			files = (
				D7F36C56288DEF0B0014B705 /* Extension.appex in Embed App Extensions */,
			);
			name = "Embed App Extensions";
			runOnlyForDeploymentPostprocessing = 0;
		};
/* End PBXCopyFilesBuildPhase section */

/* Begin PBXFileReference section */
		D79CA713288F77DD00D6E623 /* ScriptViewController.swift */ = {isa = PBXFileReference; lastKnownFileType = sourcecode.swift; path = ScriptViewController.swift; sourceTree = "<group>"; };
		D7F36C2C288DED730014B705 /* JavaScript Injection.app */ = {isa = PBXFileReference; explicitFileType = wrapper.application; includeInIndex = 0; path = "JavaScript Injection.app"; sourceTree = BUILT_PRODUCTS_DIR; };
		D7F36C2F288DED730014B705 /* AppDelegate.swift */ = {isa = PBXFileReference; lastKnownFileType = sourcecode.swift; path = AppDelegate.swift; sourceTree = "<group>"; };
		D7F36C31288DED730014B705 /* SceneDelegate.swift */ = {isa = PBXFileReference; lastKnownFileType = sourcecode.swift; path = SceneDelegate.swift; sourceTree = "<group>"; };
		D7F36C33288DED730014B705 /* ViewController.swift */ = {isa = PBXFileReference; lastKnownFileType = sourcecode.swift; path = ViewController.swift; sourceTree = "<group>"; };
		D7F36C36288DED730014B705 /* Base */ = {isa = PBXFileReference; lastKnownFileType = file.storyboard; name = Base; path = Base.lproj/Main.storyboard; sourceTree = "<group>"; };
		D7F36C38288DED750014B705 /* Assets.xcassets */ = {isa = PBXFileReference; lastKnownFileType = folder.assetcatalog; path = Assets.xcassets; sourceTree = "<group>"; };
		D7F36C3B288DED750014B705 /* Base */ = {isa = PBXFileReference; lastKnownFileType = file.storyboard; name = Base; path = Base.lproj/LaunchScreen.storyboard; sourceTree = "<group>"; };
		D7F36C3D288DED750014B705 /* Info.plist */ = {isa = PBXFileReference; lastKnownFileType = text.plist.xml; path = Info.plist; sourceTree = "<group>"; };
		D7F36C47288DEF0B0014B705 /* Extension.appex */ = {isa = PBXFileReference; explicitFileType = "wrapper.app-extension"; includeInIndex = 0; path = Extension.appex; sourceTree = BUILT_PRODUCTS_DIR; };
		D7F36C49288DEF0B0014B705 /* UniformTypeIdentifiers.framework */ = {isa = PBXFileReference; lastKnownFileType = wrapper.framework; name = UniformTypeIdentifiers.framework; path = System/Library/Frameworks/UniformTypeIdentifiers.framework; sourceTree = SDKROOT; };
		D7F36C4C288DEF0B0014B705 /* Media.xcassets */ = {isa = PBXFileReference; lastKnownFileType = folder.assetcatalog; path = Media.xcassets; sourceTree = "<group>"; };
		D7F36C4E288DEF0B0014B705 /* ActionViewController.swift */ = {isa = PBXFileReference; lastKnownFileType = sourcecode.swift; path = ActionViewController.swift; sourceTree = "<group>"; };
		D7F36C51288DEF0B0014B705 /* Base */ = {isa = PBXFileReference; lastKnownFileType = file.storyboard; name = Base; path = Base.lproj/MainInterface.storyboard; sourceTree = "<group>"; };
		D7F36C53288DEF0B0014B705 /* Info.plist */ = {isa = PBXFileReference; lastKnownFileType = text.plist.xml; path = Info.plist; sourceTree = "<group>"; };
		D7F36C5B288DF3520014B705 /* Action.js */ = {isa = PBXFileReference; lastKnownFileType = sourcecode.javascript; path = Action.js; sourceTree = "<group>"; };
/* End PBXFileReference section */

/* Begin PBXFrameworksBuildPhase section */
		D7F36C29288DED730014B705 /* Frameworks */ = {
			isa = PBXFrameworksBuildPhase;
			buildActionMask = 2147483647;
			files = (
			);
			runOnlyForDeploymentPostprocessing = 0;
		};
		D7F36C44288DEF0B0014B705 /* Frameworks */ = {
			isa = PBXFrameworksBuildPhase;
			buildActionMask = 2147483647;
			files = (
				D7F36C4A288DEF0B0014B705 /* UniformTypeIdentifiers.framework in Frameworks */,
			);
			runOnlyForDeploymentPostprocessing = 0;
		};
/* End PBXFrameworksBuildPhase section */

/* Begin PBXGroup section */
		D7F36C23288DED730014B705 = {
			isa = PBXGroup;
			children = (
				D7F36C2E288DED730014B705 /* JavaScript Injection */,
				D7F36C4B288DEF0B0014B705 /* Extension */,
				D7F36C48288DEF0B0014B705 /* Frameworks */,
				D7F36C2D288DED730014B705 /* Products */,
			);
			sourceTree = "<group>";
		};
		D7F36C2D288DED730014B705 /* Products */ = {
			isa = PBXGroup;
			children = (
				D7F36C2C288DED730014B705 /* JavaScript Injection.app */,
				D7F36C47288DEF0B0014B705 /* Extension.appex */,
			);
			name = Products;
			sourceTree = "<group>";
		};
		D7F36C2E288DED730014B705 /* JavaScript Injection */ = {
			isa = PBXGroup;
			children = (
				D7F36C2F288DED730014B705 /* AppDelegate.swift */,
				D7F36C31288DED730014B705 /* SceneDelegate.swift */,
				D7F36C33288DED730014B705 /* ViewController.swift */,
				D7F36C35288DED730014B705 /* Main.storyboard */,
				D7F36C38288DED750014B705 /* Assets.xcassets */,
				D7F36C3A288DED750014B705 /* LaunchScreen.storyboard */,
				D7F36C3D288DED750014B705 /* Info.plist */,
			);
			path = "JavaScript Injection";
			sourceTree = "<group>";
		};
		D7F36C48288DEF0B0014B705 /* Frameworks */ = {
			isa = PBXGroup;
			children = (
				D7F36C49288DEF0B0014B705 /* UniformTypeIdentifiers.framework */,
			);
			name = Frameworks;
			sourceTree = "<group>";
		};
		D7F36C4B288DEF0B0014B705 /* Extension */ = {
			isa = PBXGroup;
			children = (
				D7F36C4C288DEF0B0014B705 /* Media.xcassets */,
				D7F36C4E288DEF0B0014B705 /* ActionViewController.swift */,
				D7F36C50288DEF0B0014B705 /* MainInterface.storyboard */,
				D7F36C53288DEF0B0014B705 /* Info.plist */,
				D7F36C5B288DF3520014B705 /* Action.js */,
				D79CA713288F77DD00D6E623 /* ScriptViewController.swift */,
			);
			path = Extension;
			sourceTree = "<group>";
		};
/* End PBXGroup section */

/* Begin PBXNativeTarget section */
		D7F36C2B288DED730014B705 /* JavaScript Injection */ = {
			isa = PBXNativeTarget;
			buildConfigurationList = D7F36C40288DED750014B705 /* Build configuration list for PBXNativeTarget "JavaScript Injection" */;
			buildPhases = (
				D7F36C28288DED730014B705 /* Sources */,
				D7F36C29288DED730014B705 /* Frameworks */,
				D7F36C2A288DED730014B705 /* Resources */,
				D7F36C5A288DEF0B0014B705 /* Embed App Extensions */,
			);
			buildRules = (
			);
			dependencies = (
				D7F36C55288DEF0B0014B705 /* PBXTargetDependency */,
			);
			name = "JavaScript Injection";
			productName = "JavaScript Injection";
			productReference = D7F36C2C288DED730014B705 /* JavaScript Injection.app */;
			productType = "com.apple.product-type.application";
		};
		D7F36C46288DEF0B0014B705 /* Extension */ = {
			isa = PBXNativeTarget;
			buildConfigurationList = D7F36C57288DEF0B0014B705 /* Build configuration list for PBXNativeTarget "Extension" */;
			buildPhases = (
				D7F36C43288DEF0B0014B705 /* Sources */,
				D7F36C44288DEF0B0014B705 /* Frameworks */,
				D7F36C45288DEF0B0014B705 /* Resources */,
			);
			buildRules = (
			);
			dependencies = (
			);
			name = Extension;
			productName = Extension;
			productReference = D7F36C47288DEF0B0014B705 /* Extension.appex */;
			productType = "com.apple.product-type.app-extension";
		};
/* End PBXNativeTarget section */

/* Begin PBXProject section */
		D7F36C24288DED730014B705 /* Project object */ = {
			isa = PBXProject;
			attributes = {
				BuildIndependentTargetsInParallel = 1;
				LastSwiftUpdateCheck = 1340;
				LastUpgradeCheck = 1340;
				TargetAttributes = {
					D7F36C2B288DED730014B705 = {
						CreatedOnToolsVersion = 13.4.1;
					};
					D7F36C46288DEF0B0014B705 = {
						CreatedOnToolsVersion = 13.4.1;
					};
				};
			};
			buildConfigurationList = D7F36C27288DED730014B705 /* Build configuration list for PBXProject "JavaScript Injection" */;
			compatibilityVersion = "Xcode 13.0";
			developmentRegion = en;
			hasScannedForEncodings = 0;
			knownRegions = (
				en,
				Base,
			);
			mainGroup = D7F36C23288DED730014B705;
			productRefGroup = D7F36C2D288DED730014B705 /* Products */;
			projectDirPath = "";
			projectRoot = "";
			targets = (
				D7F36C2B288DED730014B705 /* JavaScript Injection */,
				D7F36C46288DEF0B0014B705 /* Extension */,
			);
		};
/* End PBXProject section */

/* Begin PBXResourcesBuildPhase section */
		D7F36C2A288DED730014B705 /* Resources */ = {
			isa = PBXResourcesBuildPhase;
			buildActionMask = 2147483647;
			files = (
				D7F36C3C288DED750014B705 /* LaunchScreen.storyboard in Resources */,
				D7F36C39288DED750014B705 /* Assets.xcassets in Resources */,
				D7F36C37288DED730014B705 /* Main.storyboard in Resources */,
			);
			runOnlyForDeploymentPostprocessing = 0;
		};
		D7F36C45288DEF0B0014B705 /* Resources */ = {
			isa = PBXResourcesBuildPhase;
			buildActionMask = 2147483647;
			files = (
				D7F36C5C288DF3520014B705 /* Action.js in Resources */,
				D7F36C4D288DEF0B0014B705 /* Media.xcassets in Resources */,
				D7F36C52288DEF0B0014B705 /* MainInterface.storyboard in Resources */,
			);
			runOnlyForDeploymentPostprocessing = 0;
		};
/* End PBXResourcesBuildPhase section */

/* Begin PBXSourcesBuildPhase section */
		D7F36C28288DED730014B705 /* Sources */ = {
			isa = PBXSourcesBuildPhase;
			buildActionMask = 2147483647;
			files = (
				D7F36C34288DED730014B705 /* ViewController.swift in Sources */,
				D7F36C30288DED730014B705 /* AppDelegate.swift in Sources */,
				D7F36C32288DED730014B705 /* SceneDelegate.swift in Sources */,
			);
			runOnlyForDeploymentPostprocessing = 0;
		};
		D7F36C43288DEF0B0014B705 /* Sources */ = {
			isa = PBXSourcesBuildPhase;
			buildActionMask = 2147483647;
			files = (
				D7F36C4F288DEF0B0014B705 /* ActionViewController.swift in Sources */,
				D79CA714288F77DE00D6E623 /* ScriptViewController.swift in Sources */,
			);
			runOnlyForDeploymentPostprocessing = 0;
		};
/* End PBXSourcesBuildPhase section */

/* Begin PBXTargetDependency section */
		D7F36C55288DEF0B0014B705 /* PBXTargetDependency */ = {
			isa = PBXTargetDependency;
			target = D7F36C46288DEF0B0014B705 /* Extension */;
			targetProxy = D7F36C54288DEF0B0014B705 /* PBXContainerItemProxy */;
		};
/* End PBXTargetDependency section */

/* Begin PBXVariantGroup section */
		D7F36C35288DED730014B705 /* Main.storyboard */ = {
			isa = PBXVariantGroup;
			children = (
				D7F36C36288DED730014B705 /* Base */,
			);
			name = Main.storyboard;
			sourceTree = "<group>";
		};
		D7F36C3A288DED750014B705 /* LaunchScreen.storyboard */ = {
			isa = PBXVariantGroup;
			children = (
				D7F36C3B288DED750014B705 /* Base */,
			);
			name = LaunchScreen.storyboard;
			sourceTree = "<group>";
		};
		D7F36C50288DEF0B0014B705 /* MainInterface.storyboard */ = {
			isa = PBXVariantGroup;
			children = (
				D7F36C51288DEF0B0014B705 /* Base */,
			);
			name = MainInterface.storyboard;
			sourceTree = "<group>";
		};
/* End PBXVariantGroup section */

/* Begin XCBuildConfiguration section */
		D7F36C3E288DED750014B705 /* Debug */ = {
			isa = XCBuildConfiguration;
			buildSettings = {
				ALWAYS_SEARCH_USER_PATHS = NO;
				CLANG_ANALYZER_NONNULL = YES;
				CLANG_ANALYZER_NUMBER_OBJECT_CONVERSION = YES_AGGRESSIVE;
				CLANG_CXX_LANGUAGE_STANDARD = "gnu++17";
				CLANG_ENABLE_MODULES = YES;
				CLANG_ENABLE_OBJC_ARC = YES;
				CLANG_ENABLE_OBJC_WEAK = YES;
				CLANG_WARN_BLOCK_CAPTURE_AUTORELEASING = YES;
				CLANG_WARN_BOOL_CONVERSION = YES;
				CLANG_WARN_COMMA = YES;
				CLANG_WARN_CONSTANT_CONVERSION = YES;
				CLANG_WARN_DEPRECATED_OBJC_IMPLEMENTATIONS = YES;
				CLANG_WARN_DIRECT_OBJC_ISA_USAGE = YES_ERROR;
				CLANG_WARN_DOCUMENTATION_COMMENTS = YES;
				CLANG_WARN_EMPTY_BODY = YES;
				CLANG_WARN_ENUM_CONVERSION = YES;
				CLANG_WARN_INFINITE_RECURSION = YES;
				CLANG_WARN_INT_CONVERSION = YES;
				CLANG_WARN_NON_LITERAL_NULL_CONVERSION = YES;
				CLANG_WARN_OBJC_IMPLICIT_RETAIN_SELF = YES;
				CLANG_WARN_OBJC_LITERAL_CONVERSION = YES;
				CLANG_WARN_OBJC_ROOT_CLASS = YES_ERROR;
				CLANG_WARN_QUOTED_INCLUDE_IN_FRAMEWORK_HEADER = YES;
				CLANG_WARN_RANGE_LOOP_ANALYSIS = YES;
				CLANG_WARN_STRICT_PROTOTYPES = YES;
				CLANG_WARN_SUSPICIOUS_MOVE = YES;
				CLANG_WARN_UNGUARDED_AVAILABILITY = YES_AGGRESSIVE;
				CLANG_WARN_UNREACHABLE_CODE = YES;
				CLANG_WARN__DUPLICATE_METHOD_MATCH = YES;
				COPY_PHASE_STRIP = NO;
				DEBUG_INFORMATION_FORMAT = dwarf;
				ENABLE_STRICT_OBJC_MSGSEND = YES;
				ENABLE_TESTABILITY = YES;
				GCC_C_LANGUAGE_STANDARD = gnu11;
				GCC_DYNAMIC_NO_PIC = NO;
				GCC_NO_COMMON_BLOCKS = YES;
				GCC_OPTIMIZATION_LEVEL = 0;
				GCC_PREPROCESSOR_DEFINITIONS = (
					"DEBUG=1",
					"$(inherited)",
				);
				GCC_WARN_64_TO_32_BIT_CONVERSION = YES;
				GCC_WARN_ABOUT_RETURN_TYPE = YES_ERROR;
				GCC_WARN_UNDECLARED_SELECTOR = YES;
				GCC_WARN_UNINITIALIZED_AUTOS = YES_AGGRESSIVE;
				GCC_WARN_UNUSED_FUNCTION = YES;
				GCC_WARN_UNUSED_VARIABLE = YES;
				IPHONEOS_DEPLOYMENT_TARGET = 15.5;
				MTL_ENABLE_DEBUG_INFO = INCLUDE_SOURCE;
				MTL_FAST_MATH = YES;
				ONLY_ACTIVE_ARCH = YES;
				SDKROOT = iphoneos;
				SWIFT_ACTIVE_COMPILATION_CONDITIONS = DEBUG;
				SWIFT_OPTIMIZATION_LEVEL = "-Onone";
			};
			name = Debug;
		};
		D7F36C3F288DED750014B705 /* Release */ = {
			isa = XCBuildConfiguration;
			buildSettings = {
				ALWAYS_SEARCH_USER_PATHS = NO;
				CLANG_ANALYZER_NONNULL = YES;
				CLANG_ANALYZER_NUMBER_OBJECT_CONVERSION = YES_AGGRESSIVE;
				CLANG_CXX_LANGUAGE_STANDARD = "gnu++17";
				CLANG_ENABLE_MODULES = YES;
				CLANG_ENABLE_OBJC_ARC = YES;
				CLANG_ENABLE_OBJC_WEAK = YES;
				CLANG_WARN_BLOCK_CAPTURE_AUTORELEASING = YES;
				CLANG_WARN_BOOL_CONVERSION = YES;
				CLANG_WARN_COMMA = YES;
				CLANG_WARN_CONSTANT_CONVERSION = YES;
				CLANG_WARN_DEPRECATED_OBJC_IMPLEMENTATIONS = YES;
				CLANG_WARN_DIRECT_OBJC_ISA_USAGE = YES_ERROR;
				CLANG_WARN_DOCUMENTATION_COMMENTS = YES;
				CLANG_WARN_EMPTY_BODY = YES;
				CLANG_WARN_ENUM_CONVERSION = YES;
				CLANG_WARN_INFINITE_RECURSION = YES;
				CLANG_WARN_INT_CONVERSION = YES;
				CLANG_WARN_NON_LITERAL_NULL_CONVERSION = YES;
				CLANG_WARN_OBJC_IMPLICIT_RETAIN_SELF = YES;
				CLANG_WARN_OBJC_LITERAL_CONVERSION = YES;
				CLANG_WARN_OBJC_ROOT_CLASS = YES_ERROR;
				CLANG_WARN_QUOTED_INCLUDE_IN_FRAMEWORK_HEADER = YES;
				CLANG_WARN_RANGE_LOOP_ANALYSIS = YES;
				CLANG_WARN_STRICT_PROTOTYPES = YES;
				CLANG_WARN_SUSPICIOUS_MOVE = YES;
				CLANG_WARN_UNGUARDED_AVAILABILITY = YES_AGGRESSIVE;
				CLANG_WARN_UNREACHABLE_CODE = YES;
				CLANG_WARN__DUPLICATE_METHOD_MATCH = YES;
				COPY_PHASE_STRIP = NO;
				DEBUG_INFORMATION_FORMAT = "dwarf-with-dsym";
				ENABLE_NS_ASSERTIONS = NO;
				ENABLE_STRICT_OBJC_MSGSEND = YES;
				GCC_C_LANGUAGE_STANDARD = gnu11;
				GCC_NO_COMMON_BLOCKS = YES;
				GCC_WARN_64_TO_32_BIT_CONVERSION = YES;
				GCC_WARN_ABOUT_RETURN_TYPE = YES_ERROR;
				GCC_WARN_UNDECLARED_SELECTOR = YES;
				GCC_WARN_UNINITIALIZED_AUTOS = YES_AGGRESSIVE;
				GCC_WARN_UNUSED_FUNCTION = YES;
				GCC_WARN_UNUSED_VARIABLE = YES;
				IPHONEOS_DEPLOYMENT_TARGET = 15.5;
				MTL_ENABLE_DEBUG_INFO = NO;
				MTL_FAST_MATH = YES;
				SDKROOT = iphoneos;
				SWIFT_COMPILATION_MODE = wholemodule;
				SWIFT_OPTIMIZATION_LEVEL = "-O";
				VALIDATE_PRODUCT = YES;
			};
			name = Release;
		};
		D7F36C41288DED750014B705 /* Debug */ = {
			isa = XCBuildConfiguration;
			buildSettings = {
				ALWAYS_EMBED_SWIFT_STANDARD_LIBRARIES = YES;
				ASSETCATALOG_COMPILER_APPICON_NAME = AppIcon;
				ASSETCATALOG_COMPILER_GLOBAL_ACCENT_COLOR_NAME = AccentColor;
				CODE_SIGN_STYLE = Automatic;
				CURRENT_PROJECT_VERSION = 1;
				GENERATE_INFOPLIST_FILE = YES;
				INFOPLIST_FILE = "JavaScript Injection/Info.plist";
				INFOPLIST_KEY_UIApplicationSupportsIndirectInputEvents = YES;
				INFOPLIST_KEY_UILaunchStoryboardName = LaunchScreen;
				INFOPLIST_KEY_UIMainStoryboardFile = Main;
				INFOPLIST_KEY_UISupportedInterfaceOrientations_iPad = "UIInterfaceOrientationPortrait UIInterfaceOrientationPortraitUpsideDown UIInterfaceOrientationLandscapeLeft UIInterfaceOrientationLandscapeRight";
				INFOPLIST_KEY_UISupportedInterfaceOrientations_iPhone = "UIInterfaceOrientationPortrait UIInterfaceOrientationLandscapeLeft UIInterfaceOrientationLandscapeRight";
				LD_RUNPATH_SEARCH_PATHS = (
					"$(inherited)",
					"@executable_path/Frameworks",
				);
				MARKETING_VERSION = 1.0;
				PRODUCT_BUNDLE_IDENTIFIER = "com.camilohernandezguerrero.JavaScript-Injection";
				PRODUCT_NAME = "$(TARGET_NAME)";
				SWIFT_EMIT_LOC_STRINGS = YES;
				SWIFT_VERSION = 5.0;
				TARGETED_DEVICE_FAMILY = "1,2";
			};
			name = Debug;
		};
		D7F36C42288DED750014B705 /* Release */ = {
			isa = XCBuildConfiguration;
			buildSettings = {
				ALWAYS_EMBED_SWIFT_STANDARD_LIBRARIES = YES;
				ASSETCATALOG_COMPILER_APPICON_NAME = AppIcon;
				ASSETCATALOG_COMPILER_GLOBAL_ACCENT_COLOR_NAME = AccentColor;
				CODE_SIGN_STYLE = Automatic;
				CURRENT_PROJECT_VERSION = 1;
				GENERATE_INFOPLIST_FILE = YES;
				INFOPLIST_FILE = "JavaScript Injection/Info.plist";
				INFOPLIST_KEY_UIApplicationSupportsIndirectInputEvents = YES;
				INFOPLIST_KEY_UILaunchStoryboardName = LaunchScreen;
				INFOPLIST_KEY_UIMainStoryboardFile = Main;
				INFOPLIST_KEY_UISupportedInterfaceOrientations_iPad = "UIInterfaceOrientationPortrait UIInterfaceOrientationPortraitUpsideDown UIInterfaceOrientationLandscapeLeft UIInterfaceOrientationLandscapeRight";
				INFOPLIST_KEY_UISupportedInterfaceOrientations_iPhone = "UIInterfaceOrientationPortrait UIInterfaceOrientationLandscapeLeft UIInterfaceOrientationLandscapeRight";
				LD_RUNPATH_SEARCH_PATHS = (
					"$(inherited)",
					"@executable_path/Frameworks",
				);
				MARKETING_VERSION = 1.0;
				PRODUCT_BUNDLE_IDENTIFIER = "com.camilohernandezguerrero.JavaScript-Injection";
				PRODUCT_NAME = "$(TARGET_NAME)";
				SWIFT_EMIT_LOC_STRINGS = YES;
				SWIFT_VERSION = 5.0;
				TARGETED_DEVICE_FAMILY = "1,2";
			};
			name = Release;
		};
		D7F36C58288DEF0B0014B705 /* Debug */ = {
			isa = XCBuildConfiguration;
			buildSettings = {
				CODE_SIGN_STYLE = Automatic;
				CURRENT_PROJECT_VERSION = 1;
				GENERATE_INFOPLIST_FILE = YES;
				INFOPLIST_FILE = Extension/Info.plist;
				INFOPLIST_KEY_CFBundleDisplayName = Extension;
				INFOPLIST_KEY_NSHumanReadableCopyright = "";
				LD_RUNPATH_SEARCH_PATHS = (
					"$(inherited)",
					"@executable_path/Frameworks",
					"@executable_path/../../Frameworks",
				);
				MARKETING_VERSION = 1.0;
				PRODUCT_BUNDLE_IDENTIFIER = "com.camilohernandezguerrero.JavaScript-Injection.Extension";
				PRODUCT_NAME = "$(TARGET_NAME)";
				SKIP_INSTALL = YES;
				SWIFT_EMIT_LOC_STRINGS = YES;
				SWIFT_VERSION = 5.0;
				TARGETED_DEVICE_FAMILY = "1,2";
			};
			name = Debug;
		};
		D7F36C59288DEF0B0014B705 /* Release */ = {
			isa = XCBuildConfiguration;
			buildSettings = {
				CODE_SIGN_STYLE = Automatic;
				CURRENT_PROJECT_VERSION = 1;
				GENERATE_INFOPLIST_FILE = YES;
				INFOPLIST_FILE = Extension/Info.plist;
				INFOPLIST_KEY_CFBundleDisplayName = Extension;
				INFOPLIST_KEY_NSHumanReadableCopyright = "";
				LD_RUNPATH_SEARCH_PATHS = (
					"$(inherited)",
					"@executable_path/Frameworks",
					"@executable_path/../../Frameworks",
				);
				MARKETING_VERSION = 1.0;
				PRODUCT_BUNDLE_IDENTIFIER = "com.camilohernandezguerrero.JavaScript-Injection.Extension";
				PRODUCT_NAME = "$(TARGET_NAME)";
				SKIP_INSTALL = YES;
				SWIFT_EMIT_LOC_STRINGS = YES;
				SWIFT_VERSION = 5.0;
				TARGETED_DEVICE_FAMILY = "1,2";
			};
			name = Release;
		};
/* End XCBuildConfiguration section */

/* Begin XCConfigurationList section */
		D7F36C27288DED730014B705 /* Build configuration list for PBXProject "JavaScript Injection" */ = {
			isa = XCConfigurationList;
			buildConfigurations = (
				D7F36C3E288DED750014B705 /* Debug */,
				D7F36C3F288DED750014B705 /* Release */,
			);
			defaultConfigurationIsVisible = 0;
			defaultConfigurationName = Release;
		};
		D7F36C40288DED750014B705 /* Build configuration list for PBXNativeTarget "JavaScript Injection" */ = {
			isa = XCConfigurationList;
			buildConfigurations = (
				D7F36C41288DED750014B705 /* Debug */,
				D7F36C42288DED750014B705 /* Release */,
			);
			defaultConfigurationIsVisible = 0;
			defaultConfigurationName = Release;
		};
		D7F36C57288DEF0B0014B705 /* Build configuration list for PBXNativeTarget "Extension" */ = {
			isa = XCConfigurationList;
			buildConfigurations = (
				D7F36C58288DEF0B0014B705 /* Debug */,
				D7F36C59288DEF0B0014B705 /* Release */,
			);
			defaultConfigurationIsVisible = 0;
			defaultConfigurationName = Release;
		};
/* End XCConfigurationList section */
	};
	rootObject = D7F36C24288DED730014B705 /* Project object */;
}
